
Microsoft Visual Studio Solution File, Format Version 12.00
# Visual Studio Version 16
VisualStudioVersion = 16.0.31624.102
MinimumVisualStudioVersion = 10.0.40219.1
Project("{FAE04EC0-301F-11D3-BF4B-00C04F79EFBC}") = "Validação de CPF", "Validação de CPF\Validação de CPF.csproj", "{C0145750-F5D6-442D-9A9D-89715D993718}"
EndProject
Global
	GlobalSection(SolutionConfigurationPlatforms) = preSolution
		Debug|Any CPU = Debug|Any CPU
		Release|Any CPU = Release|Any CPU
	EndGlobalSection
	GlobalSection(ProjectConfigurationPlatforms) = postSolution
		{C0145750-F5D6-442D-9A9D-89715D993718}.Debug|Any CPU.ActiveCfg = Debug|Any CPU
		{C0145750-F5D6-442D-9A9D-89715D993718}.Debug|Any CPU.Build.0 = Debug|Any CPU
		{C0145750-F5D6-442D-9A9D-89715D993718}.Release|Any CPU.ActiveCfg = Release|Any CPU
		{C0145750-F5D6-442D-9A9D-89715D993718}.Release|Any CPU.Build.0 = Release|Any CPU
	EndGlobalSection
	GlobalSection(SolutionProperties) = preSolution
		HideSolutionNode = FALSE
	EndGlobalSection
	GlobalSection(ExtensibilityGlobals) = postSolution
		SolutionGuid = {C2CBD98D-F779-4590-B9FA-83BD7476ADD1}
	EndGlobalSection
EndGlobal
